
Microsoft Visual Studio Solution File, Format Version 12.00
# Visual Studio Version 17
VisualStudioVersion = 17.0.31903.59
MinimumVisualStudioVersion = 10.0.40219.1
Project("{FAE04EC0-301F-11D3-BF4B-00C04F79EFBC}") = "SGE.Aplicacion", "SGE.Aplicacion\SGE.Aplicacion.csproj", "{AF2F58ED-581C-4403-9BB3-F93E2B9BAB88}"
EndProject
Project("{FAE04EC0-301F-11D3-BF4B-00C04F79EFBC}") = "SGE.Consola", "SGE.Consola\SGE.Consola.csproj", "{4D76AB68-2ED5-46CF-ABDE-6A34AB09A3CC}"
EndProject
Project("{FAE04EC0-301F-11D3-BF4B-00C04F79EFBC}") = "SGE.Repositorios", "SGE.Repositorios\SGE.Repositorios.csproj", "{365A786A-114F-41EF-9360-6933F3329F2F}"
EndProject
Global
	GlobalSection(SolutionConfigurationPlatforms) = preSolution
		Debug|Any CPU = Debug|Any CPU
		Release|Any CPU = Release|Any CPU
	EndGlobalSection
	GlobalSection(SolutionProperties) = preSolution
		HideSolutionNode = FALSE
	EndGlobalSection
	GlobalSection(ProjectConfigurationPlatforms) = postSolution
		{AF2F58ED-581C-4403-9BB3-F93E2B9BAB88}.Debug|Any CPU.ActiveCfg = Debug|Any CPU
		{AF2F58ED-581C-4403-9BB3-F93E2B9BAB88}.Debug|Any CPU.Build.0 = Debug|Any CPU
		{AF2F58ED-581C-4403-9BB3-F93E2B9BAB88}.Release|Any CPU.ActiveCfg = Release|Any CPU
		{AF2F58ED-581C-4403-9BB3-F93E2B9BAB88}.Release|Any CPU.Build.0 = Release|Any CPU
		{4D76AB68-2ED5-46CF-ABDE-6A34AB09A3CC}.Debug|Any CPU.ActiveCfg = Debug|Any CPU
		{4D76AB68-2ED5-46CF-ABDE-6A34AB09A3CC}.Debug|Any CPU.Build.0 = Debug|Any CPU
		{4D76AB68-2ED5-46CF-ABDE-6A34AB09A3CC}.Release|Any CPU.ActiveCfg = Release|Any CPU
		{4D76AB68-2ED5-46CF-ABDE-6A34AB09A3CC}.Release|Any CPU.Build.0 = Release|Any CPU
		{365A786A-114F-41EF-9360-6933F3329F2F}.Debug|Any CPU.ActiveCfg = Debug|Any CPU
		{365A786A-114F-41EF-9360-6933F3329F2F}.Debug|Any CPU.Build.0 = Debug|Any CPU
		{365A786A-114F-41EF-9360-6933F3329F2F}.Release|Any CPU.ActiveCfg = Release|Any CPU
		{365A786A-114F-41EF-9360-6933F3329F2F}.Release|Any CPU.Build.0 = Release|Any CPU
	EndGlobalSection
EndGlobal
